{
  "name": "query-builder-demo",
  "version": "1.0.0",
  "lockfileVersion": 2,
  "requires": true,
  "packages": {
    "": {
      "name": "query-builder-demo",
      "version": "1.0.0",
      "license": "ISC",
      "dependencies": {
        "bootstrap": "^4.6.0",
        "bootstrap-icons": "^1.5.0",
        "dot": "^1.1.3",
        "jquery": "^3.6.0",
        "jquery-extendext": "^1.0.0",
        "jQuery-QueryBuilder": "^2.6.1",
        "sql-parser-mistic": "^1.2.3",
        "typeahead.js": "^0.11.1"
      }
    },
    "node_modules/bootstrap": {
      "version": "4.6.0",
      "resolved": "https://registry.npmjs.org/bootstrap/-/bootstrap-4.6.0.tgz",
      "integrity": "sha512-Io55IuQY3kydzHtbGvQya3H+KorS/M9rSNyfCGCg9WZ4pyT/lCxIlpJgG1GXW/PswzC84Tr2fBYi+7+jFVQQBw==",
      "funding": {
        "type": "opencollective",
        "url": "https://opencollective.com/bootstrap"
      },
      "peerDependencies": {
        "jquery": "1.9.1 - 3",
        "popper.js": "^1.16.1"
      }
    },
    "node_modules/bootstrap-icons": {
      "version": "1.5.0",
      "resolved": "https://registry.npmjs.org/bootstrap-icons/-/bootstrap-icons-1.5.0.tgz",
      "integrity": "sha512-44feMc7DE1Ccpsas/1wioN8ewFJNquvi5FewA06wLnqct7CwMdGDVy41ieHaacogzDqLfG8nADIvMNp9e4bfbA==",
      "engines": {
        "node": ">=10"
      }
    },
    "node_modules/dot": {
      "version": "1.1.3",
      "resolved": "https://registry.npmjs.org/dot/-/dot-1.1.3.tgz",
      "integrity": "sha512-/nt74Rm+PcfnirXGEdhZleTwGC2LMnuKTeeTIlI82xb5loBBoXNYzr2ezCroPSMtilK8EZIfcNZwOcHN+ib1Lg==",
      "engines": [
        "node >=0.2.6"
      ],
      "bin": {
        "dottojs": "bin/dot-packer"
      }
    },
    "node_modules/jquery": {
      "version": "3.6.0",
      "resolved": "https://registry.npmjs.org/jquery/-/jquery-3.6.0.tgz",
      "integrity": "sha512-JVzAR/AjBvVt2BmYhxRCSYysDsPcssdmTFnzyLEts9qNwmjmu4JTAMYubEfwVOSwpQ1I1sKKFcxhZCI2buerfw=="
    },
    "node_modules/jquery-extendext": {
      "version": "1.0.0",
      "resolved": "https://registry.npmjs.org/jquery-extendext/-/jquery-extendext-1.0.0.tgz",
      "integrity": "sha512-gDJjpQ8ISd4ZMwSn0yXSuyufsPMCeWtWJ8kmqE85VromJqyVT2sdkHzS5yL0w1GK81UpOzmr2f9JgFln2sbJSg==",
      "dependencies": {
        "jquery": ">=1.9.1"
      }
    },
    "node_modules/jQuery-QueryBuilder": {
      "version": "2.6.1",
      "resolved": "https://registry.npmjs.org/jQuery-QueryBuilder/-/jQuery-QueryBuilder-2.6.1.tgz",
      "integrity": "sha512-u4eJS5wshh30n1GZXdfPA9nkzfFlxNfUz4LgF5JLqN6DLD89K0BD4Ffz2zBuo4aOYJwEPV8x0QDfLCNANbeBYA==",
      "dependencies": {
        "bootstrap": "^3.4.1",
        "dot": "^1.1.3",
        "jquery": "^3.5.1",
        "jquery-extendext": "^1.0.0",
        "moment": "^2.29.1",
        "sql-parser-mistic": "^1.2.3"
      }
    },
    "node_modules/jQuery-QueryBuilder/node_modules/bootstrap": {
      "version": "3.4.1",
      "resolved": "https://registry.npmjs.org/bootstrap/-/bootstrap-3.4.1.tgz",
      "integrity": "sha512-yN5oZVmRCwe5aKwzRj6736nSmKDX7pLYwsXiCj/EYmo16hODaBiT4En5btW/jhBF/seV+XMx3aYwukYC3A49DA==",
      "engines": {
        "node": ">=6"
      }
    },
    "node_modules/moment": {
      "version": "2.29.1",
      "resolved": "https://registry.npmjs.org/moment/-/moment-2.29.1.tgz",
      "integrity": "sha512-kHmoybcPV8Sqy59DwNDY3Jefr64lK/by/da0ViFcuA4DH0vQg5Q6Ze5VimxkfQNSC+Mls/Kx53s7TjP1RhFEDQ==",
      "engines": {
        "node": "*"
      }
    },
    "node_modules/popper.js": {
      "version": "1.16.1",
      "resolved": "https://registry.npmjs.org/popper.js/-/popper.js-1.16.1.tgz",
      "integrity": "sha512-Wb4p1J4zyFTbM+u6WuO4XstYx4Ky9Cewe4DWrel7B0w6VVICvPwdOpotjzcf6eD8TsckVnIMNONQyPIUFOUbCQ==",
      "deprecated": "You can find the new Popper v2 at @popperjs/core, this package is dedicated to the legacy v1",
      "peer": true,
      "funding": {
        "type": "opencollective",
        "url": "https://opencollective.com/popperjs"
      }
    },
    "node_modules/sql-parser-mistic": {
      "version": "1.2.3",
      "resolved": "https://registry.npmjs.org/sql-parser-mistic/-/sql-parser-mistic-1.2.3.tgz",
      "integrity": "sha512-2jyVSr7jIgbeFnPW8JO4hTMkDP5mTxbbWX+P7GcCbCwHp+ffiJeQGBK4dDLoPZvexK2Wgy0aUBfsWgc2DPhYRg=="
    },
    "node_modules/typeahead.js": {
      "version": "0.11.1",
      "resolved": "https://registry.npmjs.org/typeahead.js/-/typeahead.js-0.11.1.tgz",
      "integrity": "sha1-TmTmcbIjEKhgb0rsgFkkuoSwFbg=",
      "dependencies": {
        "jquery": ">=1.7"
      }
    }
  },
  "dependencies": {
    "bootstrap": {
      "version": "4.6.0",
      "resolved": "https://registry.npmjs.org/bootstrap/-/bootstrap-4.6.0.tgz",
      "integrity": "sha512-Io55IuQY3kydzHtbGvQya3H+KorS/M9rSNyfCGCg9WZ4pyT/lCxIlpJgG1GXW/PswzC84Tr2fBYi+7+jFVQQBw==",
      "requires": {}
    },
    "bootstrap-icons": {
      "version": "1.5.0",
      "resolved": "https://registry.npmjs.org/bootstrap-icons/-/bootstrap-icons-1.5.0.tgz",
      "integrity": "sha512-44feMc7DE1Ccpsas/1wioN8ewFJNquvi5FewA06wLnqct7CwMdGDVy41ieHaacogzDqLfG8nADIvMNp9e4bfbA=="
    },
    "dot": {
      "version": "1.1.3",
      "resolved": "https://registry.npmjs.org/dot/-/dot-1.1.3.tgz",
      "integrity": "sha512-/nt74Rm+PcfnirXGEdhZleTwGC2LMnuKTeeTIlI82xb5loBBoXNYzr2ezCroPSMtilK8EZIfcNZwOcHN+ib1Lg=="
    },
    "jquery": {
      "version": "3.6.0",
      "resolved": "https://registry.npmjs.org/jquery/-/jquery-3.6.0.tgz",
      "integrity": "sha512-JVzAR/AjBvVt2BmYhxRCSYysDsPcssdmTFnzyLEts9qNwmjmu4JTAMYubEfwVOSwpQ1I1sKKFcxhZCI2buerfw=="
    },
    "jquery-extendext": {
      "version": "1.0.0",
      "resolved": "https://registry.npmjs.org/jquery-extendext/-/jquery-extendext-1.0.0.tgz",
      "integrity": "sha512-gDJjpQ8ISd4ZMwSn0yXSuyufsPMCeWtWJ8kmqE85VromJqyVT2sdkHzS5yL0w1GK81UpOzmr2f9JgFln2sbJSg==",
      "requires": {
        "jquery": ">=1.9.1"
      }
    },
    "jQuery-QueryBuilder": {
      "version": "2.6.1",
      "resolved": "https://registry.npmjs.org/jQuery-QueryBuilder/-/jQuery-QueryBuilder-2.6.1.tgz",
      "integrity": "sha512-u4eJS5wshh30n1GZXdfPA9nkzfFlxNfUz4LgF5JLqN6DLD89K0BD4Ffz2zBuo4aOYJwEPV8x0QDfLCNANbeBYA==",
      "requires": {
        "bootstrap": "^3.4.1",
        "dot": "^1.1.3",
        "jquery": "^3.5.1",
        "jquery-extendext": "^1.0.0",
        "moment": "^2.29.1",
        "sql-parser-mistic": "^1.2.3"
      },
      "dependencies": {
        "bootstrap": {
          "version": "3.4.1",
          "resolved": "https://registry.npmjs.org/bootstrap/-/bootstrap-3.4.1.tgz",
          "integrity": "sha512-yN5oZVmRCwe5aKwzRj6736nSmKDX7pLYwsXiCj/EYmo16hODaBiT4En5btW/jhBF/seV+XMx3aYwukYC3A49DA=="
        }
      }
    },
    "moment": {
      "version": "2.29.1",
      "resolved": "https://registry.npmjs.org/moment/-/moment-2.29.1.tgz",
      "integrity": "sha512-kHmoybcPV8Sqy59DwNDY3Jefr64lK/by/da0ViFcuA4DH0vQg5Q6Ze5VimxkfQNSC+Mls/Kx53s7TjP1RhFEDQ=="
    },
    "popper.js": {
      "version": "1.16.1",
      "resolved": "https://registry.npmjs.org/popper.js/-/popper.js-1.16.1.tgz",
      "integrity": "sha512-Wb4p1J4zyFTbM+u6WuO4XstYx4Ky9Cewe4DWrel7B0w6VVICvPwdOpotjzcf6eD8TsckVnIMNONQyPIUFOUbCQ==",
      "peer": true
    },
    "sql-parser-mistic": {
      "version": "1.2.3",
      "resolved": "https://registry.npmjs.org/sql-parser-mistic/-/sql-parser-mistic-1.2.3.tgz",
      "integrity": "sha512-2jyVSr7jIgbeFnPW8JO4hTMkDP5mTxbbWX+P7GcCbCwHp+ffiJeQGBK4dDLoPZvexK2Wgy0aUBfsWgc2DPhYRg=="
    },
    "typeahead.js": {
      "version": "0.11.1",
      "resolved": "https://registry.npmjs.org/typeahead.js/-/typeahead.js-0.11.1.tgz",
      "integrity": "sha1-TmTmcbIjEKhgb0rsgFkkuoSwFbg=",
      "requires": {
        "jquery": ">=1.7"
      }
    }
  }
}
